
Microsoft Visual Studio Solution File, Format Version 12.00
# Visual Studio Version 16
VisualStudioVersion = 16.0.30204.135
MinimumVisualStudioVersion = 10.0.40219.1
Project("{FAE04EC0-301F-11D3-BF4B-00C04F79EFBC}") = "SearchEngine", "SearchEngine\SearchEngine.csproj", "{F015C844-E1A8-4105-BF69-46BA4E5E13ED}"
EndProject
Global
	GlobalSection(SolutionConfigurationPlatforms) = preSolution
		Debug|Any CPU = Debug|Any CPU
		Release|Any CPU = Release|Any CPU
	EndGlobalSection
	GlobalSection(ProjectConfigurationPlatforms) = postSolution
		{F015C844-E1A8-4105-BF69-46BA4E5E13ED}.Debug|Any CPU.ActiveCfg = Debug|Any CPU
		{F015C844-E1A8-4105-BF69-46BA4E5E13ED}.Debug|Any CPU.Build.0 = Debug|Any CPU
		{F015C844-E1A8-4105-BF69-46BA4E5E13ED}.Release|Any CPU.ActiveCfg = Release|Any CPU
		{F015C844-E1A8-4105-BF69-46BA4E5E13ED}.Release|Any CPU.Build.0 = Release|Any CPU
	EndGlobalSection
	GlobalSection(SolutionProperties) = preSolution
		HideSolutionNode = FALSE
	EndGlobalSection
	GlobalSection(ExtensibilityGlobals) = postSolution
		SolutionGuid = {73767314-8A5B-4DE2-BDF6-FF734A537E1D}
	EndGlobalSection
EndGlobal
